
Microsoft Visual Studio Solution File, Format Version 12.00
# Visual Studio Version 16
VisualStudioVersion = 16.0.30523.141
MinimumVisualStudioVersion = 10.0.40219.1
Project("{9A19103F-16F7-4668-BE54-9A1E7A4F7556}") = "ConsoleBareBone", "ConsoleBareBone.csproj", "{303344F9-4CE1-4D9A-8D1F-0F1AD1BDD378}"
EndProject
Global
	GlobalSection(SolutionConfigurationPlatforms) = preSolution
		Debug|Any CPU = Debug|Any CPU
		Release|Any CPU = Release|Any CPU
	EndGlobalSection
	GlobalSection(ProjectConfigurationPlatforms) = postSolution
		{303344F9-4CE1-4D9A-8D1F-0F1AD1BDD378}.Debug|Any CPU.ActiveCfg = Debug|Any CPU
		{303344F9-4CE1-4D9A-8D1F-0F1AD1BDD378}.Debug|Any CPU.Build.0 = Debug|Any CPU
		{303344F9-4CE1-4D9A-8D1F-0F1AD1BDD378}.Release|Any CPU.ActiveCfg = Release|Any CPU
		{303344F9-4CE1-4D9A-8D1F-0F1AD1BDD378}.Release|Any CPU.Build.0 = Release|Any CPU
	EndGlobalSection
	GlobalSection(SolutionProperties) = preSolution
		HideSolutionNode = FALSE
	EndGlobalSection
	GlobalSection(ExtensibilityGlobals) = postSolution
		SolutionGuid = {3EC435A6-1FFE-42E7-A75C-C49447DEB433}
	EndGlobalSection
EndGlobal
